# THIS IS AN AUTOGENERATED FILE. DO NOT EDIT THIS FILE DIRECTLY.
# yarn lockfile v1


"@chrisoakman/chessboardjs@^1.0.0":
  version "1.0.0"
  resolved "https://registry.yarnpkg.com/@chrisoakman/chessboardjs/-/chessboardjs-1.0.0.tgz#2cfc3399bed5e9933bd8d02ea4b405e21a0b611b"
  integrity sha512-JHXHoQwwc86xW3F0YIdFcEWLnPldee5mHkqwJbOTeDh5gvNmYXyBj6AkeecDkj2WtORF959yaWYlpyZHUl3LCQ==
  dependencies:
    jquery ">=3.4.1"

jquery@>=3.4.1:
  version "3.7.1"
  resolved "https://registry.yarnpkg.com/jquery/-/jquery-3.7.1.tgz#083ef98927c9a6a74d05a6af02806566d16274de"
  integrity sha512-m4avr8yL8kmFN8psrbFFFmB/If14iN5o9nw/NgnnM+kybDJpRsAynV2BsfpTYrTRysYUdADVD7CkUUizgkpLfg==
